# THIS IS AN AUTOGENERATED FILE. DO NOT EDIT THIS FILE DIRECTLY.
# yarn lockfile v1


cesium@^1.77.0:
  version "1.77.0"
  resolved "https://registry.yarnpkg.com/cesium/-/cesium-1.77.0.tgz#c4e2b3c2906dd20f147fe55e57233750bd59b025"
  integrity sha512-UpxTOaLJDRYkp5xcqg8wpYjzlSE10czz8ixiOC7R0DRwDdj/Yp8/BauLdEeIMCaEy9Lvb8BKrg8HppzR/Be7bQ==
